
Microsoft Visual Studio Solution File, Format Version 12.00
# Visual Studio 2013
VisualStudioVersion = 12.0.30501.0
MinimumVisualStudioVersion = 10.0.40219.1
Project("{2150E333-8FDC-42A3-9474-1A3956D46DE8}") = "Demos", "Demos", "{71DC4735-D493-4F18-B514-8F6333BC8DD7}"
EndProject
Project("{FAE04EC0-301F-11D3-BF4B-00C04F79EFBC}") = "d00_HelloSoftGL", "Demos\d00_HelloSoftGL\d00_HelloSoftGL.csproj", "{F9D8BC8C-CCC1-4AA4-A794-EE17F9BB322B}"
EndProject
Project("{FAE04EC0-301F-11D3-BF4B-00C04F79EFBC}") = "SoftGL", "SoftGL\SoftGL.csproj", "{6D016512-38B7-49F0-9FCB-B58621621545}"
EndProject
Project("{2150E333-8FDC-42A3-9474-1A3956D46DE8}") = "Initialization", "Initialization", "{75EFFF3C-F291-4F76-BFDD-088C98FA6C0E}"
EndProject
Project("{FAE04EC0-301F-11D3-BF4B-00C04F79EFBC}") = "CSharpGL", "Initialization\CSharpGL\CSharpGL.csproj", "{A03CFFFF-433C-4A6E-8BD1-3A60EF9817A5}"
EndProject
Project("{FAE04EC0-301F-11D3-BF4B-00C04F79EFBC}") = "SoftGL.Windows", "Initialization\SoftGL.Windows\SoftGL.Windows.csproj", "{0208C27C-2FEE-48B9-A6A5-DB0BDF39A7E6}"
EndProject
Project("{2150E333-8FDC-42A3-9474-1A3956D46DE8}") = "OS", "OS", "{507849A4-61CF-4B88-A426-460B02C8E61E}"
EndProject
Project("{FAE04EC0-301F-11D3-BF4B-00C04F79EFBC}") = "SoftOpengl32", "OS\SoftOpengl32\SoftOpengl32.csproj", "{99434AFF-95F3-4C32-B0FF-6383A2FAAFBF}"
EndProject
Global
	GlobalSection(SolutionConfigurationPlatforms) = preSolution
		Debug|Any CPU = Debug|Any CPU
		Release|Any CPU = Release|Any CPU
	EndGlobalSection
	GlobalSection(ProjectConfigurationPlatforms) = postSolution
		{F9D8BC8C-CCC1-4AA4-A794-EE17F9BB322B}.Debug|Any CPU.ActiveCfg = Debug|Any CPU
		{F9D8BC8C-CCC1-4AA4-A794-EE17F9BB322B}.Debug|Any CPU.Build.0 = Debug|Any CPU
		{F9D8BC8C-CCC1-4AA4-A794-EE17F9BB322B}.Release|Any CPU.ActiveCfg = Release|Any CPU
		{F9D8BC8C-CCC1-4AA4-A794-EE17F9BB322B}.Release|Any CPU.Build.0 = Release|Any CPU
		{6D016512-38B7-49F0-9FCB-B58621621545}.Debug|Any CPU.ActiveCfg = Debug|Any CPU
		{6D016512-38B7-49F0-9FCB-B58621621545}.Debug|Any CPU.Build.0 = Debug|Any CPU
		{6D016512-38B7-49F0-9FCB-B58621621545}.Release|Any CPU.ActiveCfg = Release|Any CPU
		{6D016512-38B7-49F0-9FCB-B58621621545}.Release|Any CPU.Build.0 = Release|Any CPU
		{A03CFFFF-433C-4A6E-8BD1-3A60EF9817A5}.Debug|Any CPU.ActiveCfg = Debug|Any CPU
		{A03CFFFF-433C-4A6E-8BD1-3A60EF9817A5}.Debug|Any CPU.Build.0 = Debug|Any CPU
		{A03CFFFF-433C-4A6E-8BD1-3A60EF9817A5}.Release|Any CPU.ActiveCfg = Release|Any CPU
		{A03CFFFF-433C-4A6E-8BD1-3A60EF9817A5}.Release|Any CPU.Build.0 = Release|Any CPU
		{0208C27C-2FEE-48B9-A6A5-DB0BDF39A7E6}.Debug|Any CPU.ActiveCfg = Debug|Any CPU
		{0208C27C-2FEE-48B9-A6A5-DB0BDF39A7E6}.Debug|Any CPU.Build.0 = Debug|Any CPU
		{0208C27C-2FEE-48B9-A6A5-DB0BDF39A7E6}.Release|Any CPU.ActiveCfg = Release|Any CPU
		{0208C27C-2FEE-48B9-A6A5-DB0BDF39A7E6}.Release|Any CPU.Build.0 = Release|Any CPU
		{99434AFF-95F3-4C32-B0FF-6383A2FAAFBF}.Debug|Any CPU.ActiveCfg = Debug|Any CPU
		{99434AFF-95F3-4C32-B0FF-6383A2FAAFBF}.Debug|Any CPU.Build.0 = Debug|Any CPU
		{99434AFF-95F3-4C32-B0FF-6383A2FAAFBF}.Release|Any CPU.ActiveCfg = Release|Any CPU
		{99434AFF-95F3-4C32-B0FF-6383A2FAAFBF}.Release|Any CPU.Build.0 = Release|Any CPU
	EndGlobalSection
	GlobalSection(SolutionProperties) = preSolution
		HideSolutionNode = FALSE
	EndGlobalSection
	GlobalSection(NestedProjects) = preSolution
		{F9D8BC8C-CCC1-4AA4-A794-EE17F9BB322B} = {71DC4735-D493-4F18-B514-8F6333BC8DD7}
		{A03CFFFF-433C-4A6E-8BD1-3A60EF9817A5} = {75EFFF3C-F291-4F76-BFDD-088C98FA6C0E}
		{0208C27C-2FEE-48B9-A6A5-DB0BDF39A7E6} = {75EFFF3C-F291-4F76-BFDD-088C98FA6C0E}
		{99434AFF-95F3-4C32-B0FF-6383A2FAAFBF} = {507849A4-61CF-4B88-A426-460B02C8E61E}
	EndGlobalSection
EndGlobal
